
Microsoft Visual Studio Solution File, Format Version 12.00
# Visual Studio 2012
Project("{FAE04EC0-301F-11D3-BF4B-00C04F79EFBC}") = "Buoi1", "Lern_Cs\Buoi1.csproj", "{E2496690-0FD1-4687-A6FB-99831AF96C52}"
EndProject
Project("{FAE04EC0-301F-11D3-BF4B-00C04F79EFBC}") = "Funttion_String_Array", "Funttion_String_Array\Funttion_String_Array.csproj", "{7E5C8B74-4724-4639-813C-2505EC2EFD5B}"
EndProject
Project("{FAE04EC0-301F-11D3-BF4B-00C04F79EFBC}") = "Else_Loop", "Else_Loop\Else_Loop.csproj", "{15FEA215-3347-4AEC-99EC-09A0AFE0F708}"
EndProject
Project("{FAE04EC0-301F-11D3-BF4B-00C04F79EFBC}") = "buoi4_Struct_Enum_Class", "buoi4_Struct_Enum_Class\buoi4_Struct_Enum_Class.csproj", "{6FD71DF8-2C99-4809-9A03-463586456530}"
EndProject
Project("{FAE04EC0-301F-11D3-BF4B-00C04F79EFBC}") = "Buoi4_btap", "Buoi4_btap\Buoi4_btap.csproj", "{58DA4FE5-E213-4F3C-9B74-C386B3027B50}"
EndProject
Project("{FAE04EC0-301F-11D3-BF4B-00C04F79EFBC}") = "baiTap_Class", "baiTap_Class\baiTap_Class.csproj", "{A34B9D33-0389-4BA6-A04B-304259C06857}"
EndProject
Project("{FAE04EC0-301F-11D3-BF4B-00C04F79EFBC}") = "BaiTtapClass", "BaiTtapClass\BaiTtapClass.csproj", "{0A3D3ABC-64A5-4AD5-903B-7A7C320F8107}"
EndProject
Project("{FAE04EC0-301F-11D3-BF4B-00C04F79EFBC}") = "btap", "btap\btap.csproj", "{A633FE71-E10F-48D8-A90D-57D0596B316D}"
EndProject
Project("{FAE04EC0-301F-11D3-BF4B-00C04F79EFBC}") = "timGiaTriXaNhatPT_X", "timGiaTriXaNhatPT_X\timGiaTriXaNhatPT_X.csproj", "{0BCD2C40-1E97-47B1-A225-32532892B207}"
EndProject
Project("{FAE04EC0-301F-11D3-BF4B-00C04F79EFBC}") = "XoaKhoaTrangThua", "XoaKhoaTrangThua\XoaKhoaTrangThua.csproj", "{31A57782-DA0B-4785-93CC-36E79CE87940}"
EndProject
Global
	GlobalSection(SolutionConfigurationPlatforms) = preSolution
		Debug|Any CPU = Debug|Any CPU
		Release|Any CPU = Release|Any CPU
	EndGlobalSection
	GlobalSection(ProjectConfigurationPlatforms) = postSolution
		{E2496690-0FD1-4687-A6FB-99831AF96C52}.Debug|Any CPU.ActiveCfg = Debug|Any CPU
		{E2496690-0FD1-4687-A6FB-99831AF96C52}.Debug|Any CPU.Build.0 = Debug|Any CPU
		{E2496690-0FD1-4687-A6FB-99831AF96C52}.Release|Any CPU.ActiveCfg = Release|Any CPU
		{E2496690-0FD1-4687-A6FB-99831AF96C52}.Release|Any CPU.Build.0 = Release|Any CPU
		{7E5C8B74-4724-4639-813C-2505EC2EFD5B}.Debug|Any CPU.ActiveCfg = Debug|Any CPU
		{7E5C8B74-4724-4639-813C-2505EC2EFD5B}.Debug|Any CPU.Build.0 = Debug|Any CPU
		{7E5C8B74-4724-4639-813C-2505EC2EFD5B}.Release|Any CPU.ActiveCfg = Release|Any CPU
		{7E5C8B74-4724-4639-813C-2505EC2EFD5B}.Release|Any CPU.Build.0 = Release|Any CPU
		{15FEA215-3347-4AEC-99EC-09A0AFE0F708}.Debug|Any CPU.ActiveCfg = Debug|Any CPU
		{15FEA215-3347-4AEC-99EC-09A0AFE0F708}.Debug|Any CPU.Build.0 = Debug|Any CPU
		{15FEA215-3347-4AEC-99EC-09A0AFE0F708}.Release|Any CPU.ActiveCfg = Release|Any CPU
		{15FEA215-3347-4AEC-99EC-09A0AFE0F708}.Release|Any CPU.Build.0 = Release|Any CPU
		{6FD71DF8-2C99-4809-9A03-463586456530}.Debug|Any CPU.ActiveCfg = Debug|Any CPU
		{6FD71DF8-2C99-4809-9A03-463586456530}.Debug|Any CPU.Build.0 = Debug|Any CPU
		{6FD71DF8-2C99-4809-9A03-463586456530}.Release|Any CPU.ActiveCfg = Release|Any CPU
		{6FD71DF8-2C99-4809-9A03-463586456530}.Release|Any CPU.Build.0 = Release|Any CPU
		{58DA4FE5-E213-4F3C-9B74-C386B3027B50}.Debug|Any CPU.ActiveCfg = Debug|Any CPU
		{58DA4FE5-E213-4F3C-9B74-C386B3027B50}.Debug|Any CPU.Build.0 = Debug|Any CPU
		{58DA4FE5-E213-4F3C-9B74-C386B3027B50}.Release|Any CPU.ActiveCfg = Release|Any CPU
		{58DA4FE5-E213-4F3C-9B74-C386B3027B50}.Release|Any CPU.Build.0 = Release|Any CPU
		{A34B9D33-0389-4BA6-A04B-304259C06857}.Debug|Any CPU.ActiveCfg = Debug|Any CPU
		{A34B9D33-0389-4BA6-A04B-304259C06857}.Debug|Any CPU.Build.0 = Debug|Any CPU
		{A34B9D33-0389-4BA6-A04B-304259C06857}.Release|Any CPU.ActiveCfg = Release|Any CPU
		{A34B9D33-0389-4BA6-A04B-304259C06857}.Release|Any CPU.Build.0 = Release|Any CPU
		{0A3D3ABC-64A5-4AD5-903B-7A7C320F8107}.Debug|Any CPU.ActiveCfg = Debug|Any CPU
		{0A3D3ABC-64A5-4AD5-903B-7A7C320F8107}.Debug|Any CPU.Build.0 = Debug|Any CPU
		{0A3D3ABC-64A5-4AD5-903B-7A7C320F8107}.Release|Any CPU.ActiveCfg = Release|Any CPU
		{0A3D3ABC-64A5-4AD5-903B-7A7C320F8107}.Release|Any CPU.Build.0 = Release|Any CPU
		{A633FE71-E10F-48D8-A90D-57D0596B316D}.Debug|Any CPU.ActiveCfg = Debug|Any CPU
		{A633FE71-E10F-48D8-A90D-57D0596B316D}.Debug|Any CPU.Build.0 = Debug|Any CPU
		{A633FE71-E10F-48D8-A90D-57D0596B316D}.Release|Any CPU.ActiveCfg = Release|Any CPU
		{A633FE71-E10F-48D8-A90D-57D0596B316D}.Release|Any CPU.Build.0 = Release|Any CPU
		{0BCD2C40-1E97-47B1-A225-32532892B207}.Debug|Any CPU.ActiveCfg = Debug|Any CPU
		{0BCD2C40-1E97-47B1-A225-32532892B207}.Debug|Any CPU.Build.0 = Debug|Any CPU
		{0BCD2C40-1E97-47B1-A225-32532892B207}.Release|Any CPU.ActiveCfg = Release|Any CPU
		{0BCD2C40-1E97-47B1-A225-32532892B207}.Release|Any CPU.Build.0 = Release|Any CPU
		{31A57782-DA0B-4785-93CC-36E79CE87940}.Debug|Any CPU.ActiveCfg = Debug|Any CPU
		{31A57782-DA0B-4785-93CC-36E79CE87940}.Debug|Any CPU.Build.0 = Debug|Any CPU
		{31A57782-DA0B-4785-93CC-36E79CE87940}.Release|Any CPU.ActiveCfg = Release|Any CPU
		{31A57782-DA0B-4785-93CC-36E79CE87940}.Release|Any CPU.Build.0 = Release|Any CPU
	EndGlobalSection
	GlobalSection(SolutionProperties) = preSolution
		HideSolutionNode = FALSE
	EndGlobalSection
EndGlobal
